
Microsoft Visual Studio Solution File, Format Version 12.00
# Visual Studio Version 17
VisualStudioVersion = 17.8.34212.112
MinimumVisualStudioVersion = 10.0.40219.1
Project("{9A19103F-16F7-4668-BE54-9A1E7A4F7556}") = "Banking.Api", "Banking.Api\Banking.Api.csproj", "{4784A4DE-063E-4EDB-8C30-9B76B21A5361}"
EndProject
Project("{9A19103F-16F7-4668-BE54-9A1E7A4F7556}") = "Banking.Domain", "Banking.Domain\Banking.Domain.csproj", "{1E6B3B8B-8402-43B0-8A65-C181FDCCBFEE}"
EndProject
Project("{9A19103F-16F7-4668-BE54-9A1E7A4F7556}") = "Banking.Infrastructure", "Banking.Infrastructure\Banking.Infrastructure.csproj", "{CC14571E-BA74-4815-8B81-15ACF9D8A14B}"
EndProject
Project("{9A19103F-16F7-4668-BE54-9A1E7A4F7556}") = "Banking.Application", "Banking.Application\Banking.Application.csproj", "{5B77C129-BEBD-4C7F-95E4-ABA822937D5B}"
EndProject
Project("{2150E333-8FDC-42A3-9474-1A3956D46DE8}") = "Banking", "Banking", "{2FAE0F37-48B7-4DAF-A8CF-5AF4FDF7EF97}"
EndProject
Project("{2150E333-8FDC-42A3-9474-1A3956D46DE8}") = "Transfer", "Transfer", "{F95B3C7F-C239-4073-8008-F2CB982D5D5E}"
EndProject
Project("{FAE04EC0-301F-11D3-BF4B-00C04F79EFBC}") = "Transfer.Api", "Transfer.Api\Transfer.Api.csproj", "{16008444-11D1-4080-98BD-922C5A2A99DF}"
EndProject
Project("{FAE04EC0-301F-11D3-BF4B-00C04F79EFBC}") = "Transfer.Infrastructure", "Transfer.Infrastructure\Transfer.Infrastructure.csproj", "{987AC509-6329-4E8A-BAAE-09AD1B31AA89}"
EndProject
Project("{FAE04EC0-301F-11D3-BF4B-00C04F79EFBC}") = "Transfer.Domain", "Transfer.Domain\Transfer.Domain.csproj", "{DB871760-E8DF-4037-81BF-09B7698294D8}"
EndProject
Project("{FAE04EC0-301F-11D3-BF4B-00C04F79EFBC}") = "Transfer.Application", "Transfer.Application\Transfer.Application.csproj", "{F90AAF5A-5EA7-4390-BE25-3E2A21D0AF89}"
EndProject
Global
	GlobalSection(SolutionConfigurationPlatforms) = preSolution
		Debug|Any CPU = Debug|Any CPU
		Release|Any CPU = Release|Any CPU
	EndGlobalSection
	GlobalSection(ProjectConfigurationPlatforms) = postSolution
		{4784A4DE-063E-4EDB-8C30-9B76B21A5361}.Debug|Any CPU.ActiveCfg = Debug|Any CPU
		{4784A4DE-063E-4EDB-8C30-9B76B21A5361}.Debug|Any CPU.Build.0 = Debug|Any CPU
		{4784A4DE-063E-4EDB-8C30-9B76B21A5361}.Release|Any CPU.ActiveCfg = Release|Any CPU
		{4784A4DE-063E-4EDB-8C30-9B76B21A5361}.Release|Any CPU.Build.0 = Release|Any CPU
		{1E6B3B8B-8402-43B0-8A65-C181FDCCBFEE}.Debug|Any CPU.ActiveCfg = Debug|Any CPU
		{1E6B3B8B-8402-43B0-8A65-C181FDCCBFEE}.Debug|Any CPU.Build.0 = Debug|Any CPU
		{1E6B3B8B-8402-43B0-8A65-C181FDCCBFEE}.Release|Any CPU.ActiveCfg = Release|Any CPU
		{1E6B3B8B-8402-43B0-8A65-C181FDCCBFEE}.Release|Any CPU.Build.0 = Release|Any CPU
		{CC14571E-BA74-4815-8B81-15ACF9D8A14B}.Debug|Any CPU.ActiveCfg = Debug|Any CPU
		{CC14571E-BA74-4815-8B81-15ACF9D8A14B}.Debug|Any CPU.Build.0 = Debug|Any CPU
		{CC14571E-BA74-4815-8B81-15ACF9D8A14B}.Release|Any CPU.ActiveCfg = Release|Any CPU
		{CC14571E-BA74-4815-8B81-15ACF9D8A14B}.Release|Any CPU.Build.0 = Release|Any CPU
		{5B77C129-BEBD-4C7F-95E4-ABA822937D5B}.Debug|Any CPU.ActiveCfg = Debug|Any CPU
		{5B77C129-BEBD-4C7F-95E4-ABA822937D5B}.Debug|Any CPU.Build.0 = Debug|Any CPU
		{5B77C129-BEBD-4C7F-95E4-ABA822937D5B}.Release|Any CPU.ActiveCfg = Release|Any CPU
		{5B77C129-BEBD-4C7F-95E4-ABA822937D5B}.Release|Any CPU.Build.0 = Release|Any CPU
		{16008444-11D1-4080-98BD-922C5A2A99DF}.Debug|Any CPU.ActiveCfg = Debug|Any CPU
		{16008444-11D1-4080-98BD-922C5A2A99DF}.Debug|Any CPU.Build.0 = Debug|Any CPU
		{16008444-11D1-4080-98BD-922C5A2A99DF}.Release|Any CPU.ActiveCfg = Release|Any CPU
		{16008444-11D1-4080-98BD-922C5A2A99DF}.Release|Any CPU.Build.0 = Release|Any CPU
		{987AC509-6329-4E8A-BAAE-09AD1B31AA89}.Debug|Any CPU.ActiveCfg = Debug|Any CPU
		{987AC509-6329-4E8A-BAAE-09AD1B31AA89}.Debug|Any CPU.Build.0 = Debug|Any CPU
		{987AC509-6329-4E8A-BAAE-09AD1B31AA89}.Release|Any CPU.ActiveCfg = Release|Any CPU
		{987AC509-6329-4E8A-BAAE-09AD1B31AA89}.Release|Any CPU.Build.0 = Release|Any CPU
		{DB871760-E8DF-4037-81BF-09B7698294D8}.Debug|Any CPU.ActiveCfg = Debug|Any CPU
		{DB871760-E8DF-4037-81BF-09B7698294D8}.Debug|Any CPU.Build.0 = Debug|Any CPU
		{DB871760-E8DF-4037-81BF-09B7698294D8}.Release|Any CPU.ActiveCfg = Release|Any CPU
		{DB871760-E8DF-4037-81BF-09B7698294D8}.Release|Any CPU.Build.0 = Release|Any CPU
		{F90AAF5A-5EA7-4390-BE25-3E2A21D0AF89}.Debug|Any CPU.ActiveCfg = Debug|Any CPU
		{F90AAF5A-5EA7-4390-BE25-3E2A21D0AF89}.Debug|Any CPU.Build.0 = Debug|Any CPU
		{F90AAF5A-5EA7-4390-BE25-3E2A21D0AF89}.Release|Any CPU.ActiveCfg = Release|Any CPU
		{F90AAF5A-5EA7-4390-BE25-3E2A21D0AF89}.Release|Any CPU.Build.0 = Release|Any CPU
	EndGlobalSection
	GlobalSection(SolutionProperties) = preSolution
		HideSolutionNode = FALSE
	EndGlobalSection
	GlobalSection(NestedProjects) = preSolution
		{4784A4DE-063E-4EDB-8C30-9B76B21A5361} = {2FAE0F37-48B7-4DAF-A8CF-5AF4FDF7EF97}
		{1E6B3B8B-8402-43B0-8A65-C181FDCCBFEE} = {2FAE0F37-48B7-4DAF-A8CF-5AF4FDF7EF97}
		{CC14571E-BA74-4815-8B81-15ACF9D8A14B} = {2FAE0F37-48B7-4DAF-A8CF-5AF4FDF7EF97}
		{5B77C129-BEBD-4C7F-95E4-ABA822937D5B} = {2FAE0F37-48B7-4DAF-A8CF-5AF4FDF7EF97}
		{16008444-11D1-4080-98BD-922C5A2A99DF} = {F95B3C7F-C239-4073-8008-F2CB982D5D5E}
		{987AC509-6329-4E8A-BAAE-09AD1B31AA89} = {F95B3C7F-C239-4073-8008-F2CB982D5D5E}
		{DB871760-E8DF-4037-81BF-09B7698294D8} = {F95B3C7F-C239-4073-8008-F2CB982D5D5E}
		{F90AAF5A-5EA7-4390-BE25-3E2A21D0AF89} = {F95B3C7F-C239-4073-8008-F2CB982D5D5E}
	EndGlobalSection
	GlobalSection(ExtensibilityGlobals) = postSolution
		SolutionGuid = {35480682-6280-46AA-A044-7C6AE904E01B}
	EndGlobalSection
EndGlobal
